
Microsoft Visual Studio Solution File, Format Version 12.00
# Visual Studio Version 16
VisualStudioVersion = 16.0.31729.503
MinimumVisualStudioVersion = 10.0.40219.1
Project("{FAE04EC0-301F-11D3-BF4B-00C04F79EFBC}") = "SemephoreExample", "SemephoreExample.csproj", "{8AD1B506-8113-40B6-9542-D83534D44A2C}"
EndProject
Project("{FAE04EC0-301F-11D3-BF4B-00C04F79EFBC}") = "SemaphoreSlimExample", "..\SemaphoreSlimExample\SemaphoreSlimExample.csproj", "{8685652A-A4AD-42B0-B886-CD4D3AFE61CF}"
EndProject
Global
	GlobalSection(SolutionConfigurationPlatforms) = preSolution
		Debug|Any CPU = Debug|Any CPU
		Release|Any CPU = Release|Any CPU
	EndGlobalSection
	GlobalSection(ProjectConfigurationPlatforms) = postSolution
		{8AD1B506-8113-40B6-9542-D83534D44A2C}.Debug|Any CPU.ActiveCfg = Debug|Any CPU
		{8AD1B506-8113-40B6-9542-D83534D44A2C}.Debug|Any CPU.Build.0 = Debug|Any CPU
		{8AD1B506-8113-40B6-9542-D83534D44A2C}.Release|Any CPU.ActiveCfg = Release|Any CPU
		{8AD1B506-8113-40B6-9542-D83534D44A2C}.Release|Any CPU.Build.0 = Release|Any CPU
		{8685652A-A4AD-42B0-B886-CD4D3AFE61CF}.Debug|Any CPU.ActiveCfg = Debug|Any CPU
		{8685652A-A4AD-42B0-B886-CD4D3AFE61CF}.Debug|Any CPU.Build.0 = Debug|Any CPU
		{8685652A-A4AD-42B0-B886-CD4D3AFE61CF}.Release|Any CPU.ActiveCfg = Release|Any CPU
		{8685652A-A4AD-42B0-B886-CD4D3AFE61CF}.Release|Any CPU.Build.0 = Release|Any CPU
	EndGlobalSection
	GlobalSection(SolutionProperties) = preSolution
		HideSolutionNode = FALSE
	EndGlobalSection
	GlobalSection(ExtensibilityGlobals) = postSolution
		SolutionGuid = {DC23D3F8-2767-4C43-BF91-0B3C91FA949C}
	EndGlobalSection
EndGlobal
